
Microsoft Visual Studio Solution File, Format Version 12.00
# Visual Studio Version 17
VisualStudioVersion = 17.2.32519.379
MinimumVisualStudioVersion = 10.0.40219.1
Project("{9A19103F-16F7-4668-BE54-9A1E7A4F7556}") = "CoursCSharpPartie1", "CoursCSharpPartie1\CoursCSharpPartie1.csproj", "{1857823B-C3B1-42F4-890C-1EED904D8979}"
EndProject
Project("{9A19103F-16F7-4668-BE54-9A1E7A4F7556}") = "CoursCSharpPOO", "CoursCSharpPOO\CoursCSharpPOO.csproj", "{1E9A0294-13CC-4B79-9F69-F5ECF1EE256A}"
EndProject
Project("{9A19103F-16F7-4668-BE54-9A1E7A4F7556}") = "CorrectionCompteBancaire", "CorrectionCompteBancaire\CorrectionCompteBancaire.csproj", "{1B07608B-6748-4DCF-8D77-69308FBEAB8B}"
EndProject
Project("{9A19103F-16F7-4668-BE54-9A1E7A4F7556}") = "CorrectionCaisseEnregistreuse", "CorrectionCaiseEnregistreuse\CorrectionCaisseEnregistreuse.csproj", "{593F02F8-9937-4D4A-A6EC-BC548C4A6317}"
EndProject
Project("{9A19103F-16F7-4668-BE54-9A1E7A4F7556}") = "CoursTestUnitaire", "CoursTestUnitaire\CoursTestUnitaire.csproj", "{B1836C29-2B1C-4E81-AF0E-A12F3353605F}"
EndProject
Project("{9A19103F-16F7-4668-BE54-9A1E7A4F7556}") = "Bowling", "Bowling\Bowling.csproj", "{7E4F6979-FB8F-4021-B951-39E253260D1C}"
EndProject
Project("{9A19103F-16F7-4668-BE54-9A1E7A4F7556}") = "BowlingTest", "BowlingTest\BowlingTest.csproj", "{EEBBE759-1733-4DDA-81E8-F1C2AB726415}"
EndProject
Project("{2150E333-8FDC-42A3-9474-1A3956D46DE8}") = "Éléments de solution", "Éléments de solution", "{94C33234-6211-4994-94FF-A20C87EF9F25}"
	ProjectSection(SolutionItems) = preProject
		..\SQL\AjoutLivre.sql = ..\SQL\AjoutLivre.sql
		coursSql.sql = coursSql.sql
		..\SQL\departement.sql = ..\SQL\departement.sql
		..\SQL\villes_france_sqlserver.sql = ..\SQL\villes_france_sqlserver.sql
	EndProjectSection
EndProject
Project("{9A19103F-16F7-4668-BE54-9A1E7A4F7556}") = "CoursAdoDotNet", "CoursAdoDotNet\CoursAdoDotNet.csproj", "{C27F61D5-ED15-442F-9A25-5C30B2654A53}"
EndProject
Project("{9A19103F-16F7-4668-BE54-9A1E7A4F7556}") = "AnnuaireAdoNet", "AnnuaireAdoNet\AnnuaireAdoNet.csproj", "{A44A364B-7D43-4965-96E7-359B0F041ABC}"
EndProject
Project("{9A19103F-16F7-4668-BE54-9A1E7A4F7556}") = "CompteBancaireAdoNet", "CompteBancaireAdoNet\CompteBancaireAdoNet.csproj", "{7B88EE79-9487-4AB6-9A8D-C38738CB7547}"
EndProject
Project("{9A19103F-16F7-4668-BE54-9A1E7A4F7556}") = "DAOCaisseEnregistreuse", "DAOCaisseEnregistreuse\DAOCaisseEnregistreuse.csproj", "{3F5E19F2-9233-4771-8721-4A52CC400939}"
EndProject
Project("{9A19103F-16F7-4668-BE54-9A1E7A4F7556}") = "CorrectionTPHotel", "CorrectionTPHotel\CorrectionTPHotel.csproj", "{00386A17-60C7-4153-A69F-56238E28E86B}"
EndProject
Project("{9A19103F-16F7-4668-BE54-9A1E7A4F7556}") = "coursWPF", "coursWPF\coursWPF.csproj", "{9C91B0C1-BB65-49D1-AC8E-8925ED213588}"
EndProject
Project("{2150E333-8FDC-42A3-9474-1A3956D46DE8}") = "CorrectionWPF", "CorrectionWPF", "{7E72ADD9-8036-42E1-B3C2-EBBDD0A1E808}"
EndProject
Project("{9A19103F-16F7-4668-BE54-9A1E7A4F7556}") = "CorrectionAnnuaire", "CorrectionAnnuaire\CorrectionAnnuaire.csproj", "{DDA33B4B-8290-4383-9F00-48198B6A4E8B}"
EndProject
Project("{9A19103F-16F7-4668-BE54-9A1E7A4F7556}") = "CorrectionBanqueWPF", "CorrectionBanqueWPF\CorrectionBanqueWPF.csproj", "{9B43B767-408D-4596-906E-129A15168380}"
EndProject
Project("{9A19103F-16F7-4668-BE54-9A1E7A4F7556}") = "CorrectionCaisseEnregistreuseWPF", "CorrectionCaisseEnregistreuseWPF\CorrectionCaisseEnregistreuseWPF.csproj", "{E8BE0812-16C5-4170-AF04-041E70C4DA0F}"
EndProject
Project("{9A19103F-16F7-4668-BE54-9A1E7A4F7556}") = "CoursEntityFrameWorkCore", "CoursEntityFrameWorkCore\CoursEntityFrameWorkCore.csproj", "{D7FBC32D-BCEB-4593-BE93-1E4F4ACAC3AA}"
EndProject
Project("{9A19103F-16F7-4668-BE54-9A1E7A4F7556}") = "AnnuaireEntityFrameWorkCore", "AnnuaireEntityFrameWorkCore\AnnuaireEntityFrameWorkCore.csproj", "{8490E907-5ADD-40A2-8118-AEADAA6290EB}"
EndProject
Project("{2150E333-8FDC-42A3-9474-1A3956D46DE8}") = "CorrectionEntityFrameWorkCore", "CorrectionEntityFrameWorkCore", "{8050CA4C-DB4A-4DD4-8001-E641C4BA7A2B}"
EndProject
Project("{9A19103F-16F7-4668-BE54-9A1E7A4F7556}") = "BankEntityFrameWork", "BankEntityFrameWork\BankEntityFrameWork.csproj", "{64ABE1E2-77CC-44F9-A6B6-D23A4F93FF6F}"
EndProject
Project("{9A19103F-16F7-4668-BE54-9A1E7A4F7556}") = "CashRegistryEntityFrameWork", "CashRegistryEntityFrameWork\CashRegistryEntityFrameWork.csproj", "{F2C7E1E7-A96E-4AA1-8E47-CAE381D4778A}"
EndProject
Project("{9A19103F-16F7-4668-BE54-9A1E7A4F7556}") = "EntityFrameWorkDbFirst", "EntityFrameWorkDbFirst\EntityFrameWorkDbFirst.csproj", "{0CFF7A76-A71D-4815-BBB9-8102FD205380}"
EndProject
Project("{9A19103F-16F7-4668-BE54-9A1E7A4F7556}") = "demoEntityFrameworkDbFirst", "demoEntityFrameworkDbFirst\demoEntityFrameworkDbFirst.csproj", "{48F1FB32-3ED0-4BD9-8DA6-86738E3CAC89}"
EndProject
Project("{2150E333-8FDC-42A3-9474-1A3956D46DE8}") = "CoursAspNetCore", "CoursAspNetCore", "{0A239F47-E3AA-4F2E-A39B-8ACA22DBC27E}"
EndProject
Project("{9A19103F-16F7-4668-BE54-9A1E7A4F7556}") = "coursAspNetCore", "coursAspNetCore\coursAspNetCore.csproj", "{289BD504-F134-4712-9E28-3F114970B590}"
EndProject
Project("{9A19103F-16F7-4668-BE54-9A1E7A4F7556}") = "CoursAspNetCoreMVC", "CoursAspNetCoreMVC\CoursAspNetCoreMVC.csproj", "{D72C647E-F08D-46EF-94F5-C9BF1B0E840B}"
EndProject
Project("{9A19103F-16F7-4668-BE54-9A1E7A4F7556}") = "CoursAspIOC", "CoursAspIOC\CoursAspIOC.csproj", "{7874A584-F758-4ACA-BB08-B707E0128C22}"
EndProject
Project("{2150E333-8FDC-42A3-9474-1A3956D46DE8}") = "CorrectionAspNetCore", "CorrectionAspNetCore", "{7414172F-90CD-46D0-8610-44082D4CC4A7}"
EndProject
Project("{9A19103F-16F7-4668-BE54-9A1E7A4F7556}") = "CorrectionCompteBancaireAspNet", "CorrectionCompteBancaireAspNet\CorrectionCompteBancaireAspNet.csproj", "{3828E2BB-9380-445A-B8AC-CBCC4E788FE2}"
EndProject
Project("{9A19103F-16F7-4668-BE54-9A1E7A4F7556}") = "CorrectionPetiteAnnonce", "CorrectionPetiteAnnonce\CorrectionPetiteAnnonce.csproj", "{BFB98A61-D833-4F2D-A6E2-E6FF3704AFAC}"
EndProject
Project("{9A19103F-16F7-4668-BE54-9A1E7A4F7556}") = "CoursAspNetCoreCookiesSession", "CoursAspNetCoreCookiesSession\CoursAspNetCoreCookiesSession.csproj", "{9F9A22E6-8F61-4768-BFCE-2CDF20C34946}"
EndProject
Project("{9A19103F-16F7-4668-BE54-9A1E7A4F7556}") = "CorrectionCaisseEnregistreuseAspNetCore", "CorrectionCaisseEnregistreuseAspNetCore\CorrectionCaisseEnregistreuseAspNetCore.csproj", "{835B3837-1032-4240-BA6E-4C207CE358A0}"
EndProject
Project("{9A19103F-16F7-4668-BE54-9A1E7A4F7556}") = "coursApiRest", "coursApiRest\coursApiRest.csproj", "{FC1D0E44-7B35-4069-BABE-CEE95C6DCBB1}"
EndProject
Project("{9A19103F-16F7-4668-BE54-9A1E7A4F7556}") = "ApiContact", "ApiContact\ApiContact.csproj", "{9AF3F391-FA2C-4BC4-B9B1-60385C88CA04}"
EndProject
Project("{9A19103F-16F7-4668-BE54-9A1E7A4F7556}") = "ApiCompteBancaire", "ApiCompteBancaire\ApiCompteBancaire.csproj", "{366AC32F-0FB3-4E55-8F86-3F74D2E67E85}"
EndProject
Project("{9A19103F-16F7-4668-BE54-9A1E7A4F7556}") = "ApiCashRegistry", "ApiCashRegistry\ApiCashRegistry.csproj", "{EB4F3A68-18FF-4790-8D9E-7FA58F03FC9E}"
EndProject
Project("{9A19103F-16F7-4668-BE54-9A1E7A4F7556}") = "CoursJWTApiRest", "CoursJWTApiRest\CoursJWTApiRest.csproj", "{74A42BD1-57D9-43C7-9BB9-600A4620B218}"
EndProject
Project("{2150E333-8FDC-42A3-9474-1A3956D46DE8}") = "CoursBlazor", "CoursBlazor", "{1DF16BE6-FBAA-4019-B932-AECBBFFD28EC}"
EndProject
Project("{9A19103F-16F7-4668-BE54-9A1E7A4F7556}") = "CoursBlazorWebAssembly", "CoursBlazorWebAssembly\CoursBlazorWebAssembly.csproj", "{24CF9EDF-8C30-4900-8B50-5B6D49052ABE}"
EndProject
Project("{2150E333-8FDC-42A3-9474-1A3956D46DE8}") = "CorrectionBlazor", "CorrectionBlazor", "{874CBE39-686B-4FD1-9CC1-F98FFC791A51}"
EndProject
Project("{9A19103F-16F7-4668-BE54-9A1E7A4F7556}") = "CaisseEnregistreuse", "CaisseEnregistreuse\CaisseEnregistreuse.csproj", "{DD295473-BD7A-441A-A3E4-A141A60C48DC}"
EndProject
Project("{9A19103F-16F7-4668-BE54-9A1E7A4F7556}") = "CycleVieComposant", "CycleVieComposant\CycleVieComposant.csproj", "{FD294681-EBF5-4474-A987-950BCE53FFEC}"
EndProject
Project("{2150E333-8FDC-42A3-9474-1A3956D46DE8}") = "CoursXamarin", "CoursXamarin", "{C9D2955C-9F14-4598-B50B-B41D5C9AD21E}"
EndProject
Project("{FAE04EC0-301F-11D3-BF4B-00C04F79EFBC}") = "CoursXamarinForms.Android", "CoursXamarinForms\CoursXamarinForms.Android\CoursXamarinForms.Android.csproj", "{ECF6D200-35C4-4F50-9F2E-16334EAE532E}"
EndProject
Project("{FAE04EC0-301F-11D3-BF4B-00C04F79EFBC}") = "CoursXamarinForms.iOS", "CoursXamarinForms\CoursXamarinForms.iOS\CoursXamarinForms.iOS.csproj", "{914B0286-7258-447F-9927-038CC507E8A7}"
EndProject
Project("{9A19103F-16F7-4668-BE54-9A1E7A4F7556}") = "CoursXamarinForms", "CoursXamarinForms\CoursXamarinForms\CoursXamarinForms.csproj", "{B7C442EF-72FB-4377-ADE1-2E6672099F8F}"
EndProject
Project("{2150E333-8FDC-42A3-9474-1A3956D46DE8}") = "CorrectionXamarin", "CorrectionXamarin", "{CF8D4DD2-99F0-41A7-B7EE-BDBCF5746F51}"
EndProject
Project("{FAE04EC0-301F-11D3-BF4B-00C04F79EFBC}") = "ProductXamarin.Android", "ProductXamarin\ProductXamarin.Android\ProductXamarin.Android.csproj", "{2398B1CA-D30C-421D-8359-DEBAF95DA723}"
EndProject
Project("{FAE04EC0-301F-11D3-BF4B-00C04F79EFBC}") = "ProductXamarin.iOS", "ProductXamarin\ProductXamarin.iOS\ProductXamarin.iOS.csproj", "{D7775C66-22BF-456B-A381-F4569BEA6D30}"
EndProject
Project("{FAE04EC0-301F-11D3-BF4B-00C04F79EFBC}") = "ProductXamarin", "ProductXamarin\ProductXamarin\ProductXamarin.csproj", "{DDE662F1-7E83-4D8A-952D-12DD231C009B}"
EndProject
Project("{2150E333-8FDC-42A3-9474-1A3956D46DE8}") = "CorrectionXamarinProductNavigation", "CorrectionXamarinProductNavigation", "{F95E54F3-79A6-4CC8-BC7C-71B5CB2CE522}"
EndProject
Project("{FAE04EC0-301F-11D3-BF4B-00C04F79EFBC}") = "ProductNavigation.Android", "ProductNavigation\ProductNavigation.Android\ProductNavigation.Android.csproj", "{2E09E317-B4CD-4B47-99A3-33B2D42F9167}"
EndProject
Project("{FAE04EC0-301F-11D3-BF4B-00C04F79EFBC}") = "ProductNavigation.iOS", "ProductNavigation\ProductNavigation.iOS\ProductNavigation.iOS.csproj", "{503D7E68-52B2-4B7E-A745-BAB312C123B0}"
EndProject
Project("{FAE04EC0-301F-11D3-BF4B-00C04F79EFBC}") = "ProductNavigation", "ProductNavigation\ProductNavigation\ProductNavigation.csproj", "{85F40B7D-5F5F-49E1-8E2A-42B498705A64}"
EndProject
Global
	GlobalSection(SolutionConfigurationPlatforms) = preSolution
		Debug|Any CPU = Debug|Any CPU
		Debug|iPhone = Debug|iPhone
		Debug|iPhoneSimulator = Debug|iPhoneSimulator
		Release|Any CPU = Release|Any CPU
		Release|iPhone = Release|iPhone
		Release|iPhoneSimulator = Release|iPhoneSimulator
	EndGlobalSection
	GlobalSection(ProjectConfigurationPlatforms) = postSolution
		{1857823B-C3B1-42F4-890C-1EED904D8979}.Debug|Any CPU.ActiveCfg = Debug|Any CPU
		{1857823B-C3B1-42F4-890C-1EED904D8979}.Debug|Any CPU.Build.0 = Debug|Any CPU
		{1857823B-C3B1-42F4-890C-1EED904D8979}.Debug|iPhone.ActiveCfg = Debug|Any CPU
		{1857823B-C3B1-42F4-890C-1EED904D8979}.Debug|iPhone.Build.0 = Debug|Any CPU
		{1857823B-C3B1-42F4-890C-1EED904D8979}.Debug|iPhoneSimulator.ActiveCfg = Debug|Any CPU
		{1857823B-C3B1-42F4-890C-1EED904D8979}.Debug|iPhoneSimulator.Build.0 = Debug|Any CPU
		{1857823B-C3B1-42F4-890C-1EED904D8979}.Release|Any CPU.ActiveCfg = Release|Any CPU
		{1857823B-C3B1-42F4-890C-1EED904D8979}.Release|Any CPU.Build.0 = Release|Any CPU
		{1857823B-C3B1-42F4-890C-1EED904D8979}.Release|iPhone.ActiveCfg = Release|Any CPU
		{1857823B-C3B1-42F4-890C-1EED904D8979}.Release|iPhone.Build.0 = Release|Any CPU
		{1857823B-C3B1-42F4-890C-1EED904D8979}.Release|iPhoneSimulator.ActiveCfg = Release|Any CPU
		{1857823B-C3B1-42F4-890C-1EED904D8979}.Release|iPhoneSimulator.Build.0 = Release|Any CPU
		{1E9A0294-13CC-4B79-9F69-F5ECF1EE256A}.Debug|Any CPU.ActiveCfg = Debug|Any CPU
		{1E9A0294-13CC-4B79-9F69-F5ECF1EE256A}.Debug|Any CPU.Build.0 = Debug|Any CPU
		{1E9A0294-13CC-4B79-9F69-F5ECF1EE256A}.Debug|iPhone.ActiveCfg = Debug|Any CPU
		{1E9A0294-13CC-4B79-9F69-F5ECF1EE256A}.Debug|iPhone.Build.0 = Debug|Any CPU
		{1E9A0294-13CC-4B79-9F69-F5ECF1EE256A}.Debug|iPhoneSimulator.ActiveCfg = Debug|Any CPU
		{1E9A0294-13CC-4B79-9F69-F5ECF1EE256A}.Debug|iPhoneSimulator.Build.0 = Debug|Any CPU
		{1E9A0294-13CC-4B79-9F69-F5ECF1EE256A}.Release|Any CPU.ActiveCfg = Release|Any CPU
		{1E9A0294-13CC-4B79-9F69-F5ECF1EE256A}.Release|Any CPU.Build.0 = Release|Any CPU
		{1E9A0294-13CC-4B79-9F69-F5ECF1EE256A}.Release|iPhone.ActiveCfg = Release|Any CPU
		{1E9A0294-13CC-4B79-9F69-F5ECF1EE256A}.Release|iPhone.Build.0 = Release|Any CPU
		{1E9A0294-13CC-4B79-9F69-F5ECF1EE256A}.Release|iPhoneSimulator.ActiveCfg = Release|Any CPU
		{1E9A0294-13CC-4B79-9F69-F5ECF1EE256A}.Release|iPhoneSimulator.Build.0 = Release|Any CPU
		{1B07608B-6748-4DCF-8D77-69308FBEAB8B}.Debug|Any CPU.ActiveCfg = Debug|Any CPU
		{1B07608B-6748-4DCF-8D77-69308FBEAB8B}.Debug|Any CPU.Build.0 = Debug|Any CPU
		{1B07608B-6748-4DCF-8D77-69308FBEAB8B}.Debug|iPhone.ActiveCfg = Debug|Any CPU
		{1B07608B-6748-4DCF-8D77-69308FBEAB8B}.Debug|iPhone.Build.0 = Debug|Any CPU
		{1B07608B-6748-4DCF-8D77-69308FBEAB8B}.Debug|iPhoneSimulator.ActiveCfg = Debug|Any CPU
		{1B07608B-6748-4DCF-8D77-69308FBEAB8B}.Debug|iPhoneSimulator.Build.0 = Debug|Any CPU
		{1B07608B-6748-4DCF-8D77-69308FBEAB8B}.Release|Any CPU.ActiveCfg = Release|Any CPU
		{1B07608B-6748-4DCF-8D77-69308FBEAB8B}.Release|Any CPU.Build.0 = Release|Any CPU
		{1B07608B-6748-4DCF-8D77-69308FBEAB8B}.Release|iPhone.ActiveCfg = Release|Any CPU
		{1B07608B-6748-4DCF-8D77-69308FBEAB8B}.Release|iPhone.Build.0 = Release|Any CPU
		{1B07608B-6748-4DCF-8D77-69308FBEAB8B}.Release|iPhoneSimulator.ActiveCfg = Release|Any CPU
		{1B07608B-6748-4DCF-8D77-69308FBEAB8B}.Release|iPhoneSimulator.Build.0 = Release|Any CPU
		{593F02F8-9937-4D4A-A6EC-BC548C4A6317}.Debug|Any CPU.ActiveCfg = Debug|Any CPU
		{593F02F8-9937-4D4A-A6EC-BC548C4A6317}.Debug|Any CPU.Build.0 = Debug|Any CPU
		{593F02F8-9937-4D4A-A6EC-BC548C4A6317}.Debug|iPhone.ActiveCfg = Debug|Any CPU
		{593F02F8-9937-4D4A-A6EC-BC548C4A6317}.Debug|iPhone.Build.0 = Debug|Any CPU
		{593F02F8-9937-4D4A-A6EC-BC548C4A6317}.Debug|iPhoneSimulator.ActiveCfg = Debug|Any CPU
		{593F02F8-9937-4D4A-A6EC-BC548C4A6317}.Debug|iPhoneSimulator.Build.0 = Debug|Any CPU
		{593F02F8-9937-4D4A-A6EC-BC548C4A6317}.Release|Any CPU.ActiveCfg = Release|Any CPU
		{593F02F8-9937-4D4A-A6EC-BC548C4A6317}.Release|Any CPU.Build.0 = Release|Any CPU
		{593F02F8-9937-4D4A-A6EC-BC548C4A6317}.Release|iPhone.ActiveCfg = Release|Any CPU
		{593F02F8-9937-4D4A-A6EC-BC548C4A6317}.Release|iPhone.Build.0 = Release|Any CPU
		{593F02F8-9937-4D4A-A6EC-BC548C4A6317}.Release|iPhoneSimulator.ActiveCfg = Release|Any CPU
		{593F02F8-9937-4D4A-A6EC-BC548C4A6317}.Release|iPhoneSimulator.Build.0 = Release|Any CPU
		{B1836C29-2B1C-4E81-AF0E-A12F3353605F}.Debug|Any CPU.ActiveCfg = Debug|Any CPU
		{B1836C29-2B1C-4E81-AF0E-A12F3353605F}.Debug|Any CPU.Build.0 = Debug|Any CPU
		{B1836C29-2B1C-4E81-AF0E-A12F3353605F}.Debug|iPhone.ActiveCfg = Debug|Any CPU
		{B1836C29-2B1C-4E81-AF0E-A12F3353605F}.Debug|iPhone.Build.0 = Debug|Any CPU
		{B1836C29-2B1C-4E81-AF0E-A12F3353605F}.Debug|iPhoneSimulator.ActiveCfg = Debug|Any CPU
		{B1836C29-2B1C-4E81-AF0E-A12F3353605F}.Debug|iPhoneSimulator.Build.0 = Debug|Any CPU
		{B1836C29-2B1C-4E81-AF0E-A12F3353605F}.Release|Any CPU.ActiveCfg = Release|Any CPU
		{B1836C29-2B1C-4E81-AF0E-A12F3353605F}.Release|Any CPU.Build.0 = Release|Any CPU
		{B1836C29-2B1C-4E81-AF0E-A12F3353605F}.Release|iPhone.ActiveCfg = Release|Any CPU
		{B1836C29-2B1C-4E81-AF0E-A12F3353605F}.Release|iPhone.Build.0 = Release|Any CPU
		{B1836C29-2B1C-4E81-AF0E-A12F3353605F}.Release|iPhoneSimulator.ActiveCfg = Release|Any CPU
		{B1836C29-2B1C-4E81-AF0E-A12F3353605F}.Release|iPhoneSimulator.Build.0 = Release|Any CPU
		{7E4F6979-FB8F-4021-B951-39E253260D1C}.Debug|Any CPU.ActiveCfg = Debug|Any CPU
		{7E4F6979-FB8F-4021-B951-39E253260D1C}.Debug|Any CPU.Build.0 = Debug|Any CPU
		{7E4F6979-FB8F-4021-B951-39E253260D1C}.Debug|iPhone.ActiveCfg = Debug|Any CPU
		{7E4F6979-FB8F-4021-B951-39E253260D1C}.Debug|iPhone.Build.0 = Debug|Any CPU
		{7E4F6979-FB8F-4021-B951-39E253260D1C}.Debug|iPhoneSimulator.ActiveCfg = Debug|Any CPU
		{7E4F6979-FB8F-4021-B951-39E253260D1C}.Debug|iPhoneSimulator.Build.0 = Debug|Any CPU
		{7E4F6979-FB8F-4021-B951-39E253260D1C}.Release|Any CPU.ActiveCfg = Release|Any CPU
		{7E4F6979-FB8F-4021-B951-39E253260D1C}.Release|Any CPU.Build.0 = Release|Any CPU
		{7E4F6979-FB8F-4021-B951-39E253260D1C}.Release|iPhone.ActiveCfg = Release|Any CPU
		{7E4F6979-FB8F-4021-B951-39E253260D1C}.Release|iPhone.Build.0 = Release|Any CPU
		{7E4F6979-FB8F-4021-B951-39E253260D1C}.Release|iPhoneSimulator.ActiveCfg = Release|Any CPU
		{7E4F6979-FB8F-4021-B951-39E253260D1C}.Release|iPhoneSimulator.Build.0 = Release|Any CPU
		{EEBBE759-1733-4DDA-81E8-F1C2AB726415}.Debug|Any CPU.ActiveCfg = Debug|Any CPU
		{EEBBE759-1733-4DDA-81E8-F1C2AB726415}.Debug|Any CPU.Build.0 = Debug|Any CPU
		{EEBBE759-1733-4DDA-81E8-F1C2AB726415}.Debug|iPhone.ActiveCfg = Debug|Any CPU
		{EEBBE759-1733-4DDA-81E8-F1C2AB726415}.Debug|iPhone.Build.0 = Debug|Any CPU
		{EEBBE759-1733-4DDA-81E8-F1C2AB726415}.Debug|iPhoneSimulator.ActiveCfg = Debug|Any CPU
		{EEBBE759-1733-4DDA-81E8-F1C2AB726415}.Debug|iPhoneSimulator.Build.0 = Debug|Any CPU
		{EEBBE759-1733-4DDA-81E8-F1C2AB726415}.Release|Any CPU.ActiveCfg = Release|Any CPU
		{EEBBE759-1733-4DDA-81E8-F1C2AB726415}.Release|Any CPU.Build.0 = Release|Any CPU
		{EEBBE759-1733-4DDA-81E8-F1C2AB726415}.Release|iPhone.ActiveCfg = Release|Any CPU
		{EEBBE759-1733-4DDA-81E8-F1C2AB726415}.Release|iPhone.Build.0 = Release|Any CPU
		{EEBBE759-1733-4DDA-81E8-F1C2AB726415}.Release|iPhoneSimulator.ActiveCfg = Release|Any CPU
		{EEBBE759-1733-4DDA-81E8-F1C2AB726415}.Release|iPhoneSimulator.Build.0 = Release|Any CPU
		{C27F61D5-ED15-442F-9A25-5C30B2654A53}.Debug|Any CPU.ActiveCfg = Debug|Any CPU
		{C27F61D5-ED15-442F-9A25-5C30B2654A53}.Debug|Any CPU.Build.0 = Debug|Any CPU
		{C27F61D5-ED15-442F-9A25-5C30B2654A53}.Debug|iPhone.ActiveCfg = Debug|Any CPU
		{C27F61D5-ED15-442F-9A25-5C30B2654A53}.Debug|iPhone.Build.0 = Debug|Any CPU
		{C27F61D5-ED15-442F-9A25-5C30B2654A53}.Debug|iPhoneSimulator.ActiveCfg = Debug|Any CPU
		{C27F61D5-ED15-442F-9A25-5C30B2654A53}.Debug|iPhoneSimulator.Build.0 = Debug|Any CPU
		{C27F61D5-ED15-442F-9A25-5C30B2654A53}.Release|Any CPU.ActiveCfg = Release|Any CPU
		{C27F61D5-ED15-442F-9A25-5C30B2654A53}.Release|Any CPU.Build.0 = Release|Any CPU
		{C27F61D5-ED15-442F-9A25-5C30B2654A53}.Release|iPhone.ActiveCfg = Release|Any CPU
		{C27F61D5-ED15-442F-9A25-5C30B2654A53}.Release|iPhone.Build.0 = Release|Any CPU
		{C27F61D5-ED15-442F-9A25-5C30B2654A53}.Release|iPhoneSimulator.ActiveCfg = Release|Any CPU
		{C27F61D5-ED15-442F-9A25-5C30B2654A53}.Release|iPhoneSimulator.Build.0 = Release|Any CPU
		{A44A364B-7D43-4965-96E7-359B0F041ABC}.Debug|Any CPU.ActiveCfg = Debug|Any CPU
		{A44A364B-7D43-4965-96E7-359B0F041ABC}.Debug|Any CPU.Build.0 = Debug|Any CPU
		{A44A364B-7D43-4965-96E7-359B0F041ABC}.Debug|iPhone.ActiveCfg = Debug|Any CPU
		{A44A364B-7D43-4965-96E7-359B0F041ABC}.Debug|iPhone.Build.0 = Debug|Any CPU
		{A44A364B-7D43-4965-96E7-359B0F041ABC}.Debug|iPhoneSimulator.ActiveCfg = Debug|Any CPU
		{A44A364B-7D43-4965-96E7-359B0F041ABC}.Debug|iPhoneSimulator.Build.0 = Debug|Any CPU
		{A44A364B-7D43-4965-96E7-359B0F041ABC}.Release|Any CPU.ActiveCfg = Release|Any CPU
		{A44A364B-7D43-4965-96E7-359B0F041ABC}.Release|Any CPU.Build.0 = Release|Any CPU
		{A44A364B-7D43-4965-96E7-359B0F041ABC}.Release|iPhone.ActiveCfg = Release|Any CPU
		{A44A364B-7D43-4965-96E7-359B0F041ABC}.Release|iPhone.Build.0 = Release|Any CPU
		{A44A364B-7D43-4965-96E7-359B0F041ABC}.Release|iPhoneSimulator.ActiveCfg = Release|Any CPU
		{A44A364B-7D43-4965-96E7-359B0F041ABC}.Release|iPhoneSimulator.Build.0 = Release|Any CPU
		{7B88EE79-9487-4AB6-9A8D-C38738CB7547}.Debug|Any CPU.ActiveCfg = Debug|Any CPU
		{7B88EE79-9487-4AB6-9A8D-C38738CB7547}.Debug|Any CPU.Build.0 = Debug|Any CPU
		{7B88EE79-9487-4AB6-9A8D-C38738CB7547}.Debug|iPhone.ActiveCfg = Debug|Any CPU
		{7B88EE79-9487-4AB6-9A8D-C38738CB7547}.Debug|iPhone.Build.0 = Debug|Any CPU
		{7B88EE79-9487-4AB6-9A8D-C38738CB7547}.Debug|iPhoneSimulator.ActiveCfg = Debug|Any CPU
		{7B88EE79-9487-4AB6-9A8D-C38738CB7547}.Debug|iPhoneSimulator.Build.0 = Debug|Any CPU
		{7B88EE79-9487-4AB6-9A8D-C38738CB7547}.Release|Any CPU.ActiveCfg = Release|Any CPU
		{7B88EE79-9487-4AB6-9A8D-C38738CB7547}.Release|Any CPU.Build.0 = Release|Any CPU
		{7B88EE79-9487-4AB6-9A8D-C38738CB7547}.Release|iPhone.ActiveCfg = Release|Any CPU
		{7B88EE79-9487-4AB6-9A8D-C38738CB7547}.Release|iPhone.Build.0 = Release|Any CPU
		{7B88EE79-9487-4AB6-9A8D-C38738CB7547}.Release|iPhoneSimulator.ActiveCfg = Release|Any CPU
		{7B88EE79-9487-4AB6-9A8D-C38738CB7547}.Release|iPhoneSimulator.Build.0 = Release|Any CPU
		{3F5E19F2-9233-4771-8721-4A52CC400939}.Debug|Any CPU.ActiveCfg = Debug|Any CPU
		{3F5E19F2-9233-4771-8721-4A52CC400939}.Debug|Any CPU.Build.0 = Debug|Any CPU
		{3F5E19F2-9233-4771-8721-4A52CC400939}.Debug|iPhone.ActiveCfg = Debug|Any CPU
		{3F5E19F2-9233-4771-8721-4A52CC400939}.Debug|iPhone.Build.0 = Debug|Any CPU
		{3F5E19F2-9233-4771-8721-4A52CC400939}.Debug|iPhoneSimulator.ActiveCfg = Debug|Any CPU
		{3F5E19F2-9233-4771-8721-4A52CC400939}.Debug|iPhoneSimulator.Build.0 = Debug|Any CPU
		{3F5E19F2-9233-4771-8721-4A52CC400939}.Release|Any CPU.ActiveCfg = Release|Any CPU
		{3F5E19F2-9233-4771-8721-4A52CC400939}.Release|Any CPU.Build.0 = Release|Any CPU
		{3F5E19F2-9233-4771-8721-4A52CC400939}.Release|iPhone.ActiveCfg = Release|Any CPU
		{3F5E19F2-9233-4771-8721-4A52CC400939}.Release|iPhone.Build.0 = Release|Any CPU
		{3F5E19F2-9233-4771-8721-4A52CC400939}.Release|iPhoneSimulator.ActiveCfg = Release|Any CPU
		{3F5E19F2-9233-4771-8721-4A52CC400939}.Release|iPhoneSimulator.Build.0 = Release|Any CPU
		{00386A17-60C7-4153-A69F-56238E28E86B}.Debug|Any CPU.ActiveCfg = Debug|Any CPU
		{00386A17-60C7-4153-A69F-56238E28E86B}.Debug|Any CPU.Build.0 = Debug|Any CPU
		{00386A17-60C7-4153-A69F-56238E28E86B}.Debug|iPhone.ActiveCfg = Debug|Any CPU
		{00386A17-60C7-4153-A69F-56238E28E86B}.Debug|iPhone.Build.0 = Debug|Any CPU
		{00386A17-60C7-4153-A69F-56238E28E86B}.Debug|iPhoneSimulator.ActiveCfg = Debug|Any CPU
		{00386A17-60C7-4153-A69F-56238E28E86B}.Debug|iPhoneSimulator.Build.0 = Debug|Any CPU
		{00386A17-60C7-4153-A69F-56238E28E86B}.Release|Any CPU.ActiveCfg = Release|Any CPU
		{00386A17-60C7-4153-A69F-56238E28E86B}.Release|Any CPU.Build.0 = Release|Any CPU
		{00386A17-60C7-4153-A69F-56238E28E86B}.Release|iPhone.ActiveCfg = Release|Any CPU
		{00386A17-60C7-4153-A69F-56238E28E86B}.Release|iPhone.Build.0 = Release|Any CPU
		{00386A17-60C7-4153-A69F-56238E28E86B}.Release|iPhoneSimulator.ActiveCfg = Release|Any CPU
		{00386A17-60C7-4153-A69F-56238E28E86B}.Release|iPhoneSimulator.Build.0 = Release|Any CPU
		{9C91B0C1-BB65-49D1-AC8E-8925ED213588}.Debug|Any CPU.ActiveCfg = Debug|Any CPU
		{9C91B0C1-BB65-49D1-AC8E-8925ED213588}.Debug|Any CPU.Build.0 = Debug|Any CPU
		{9C91B0C1-BB65-49D1-AC8E-8925ED213588}.Debug|iPhone.ActiveCfg = Debug|Any CPU
		{9C91B0C1-BB65-49D1-AC8E-8925ED213588}.Debug|iPhone.Build.0 = Debug|Any CPU
		{9C91B0C1-BB65-49D1-AC8E-8925ED213588}.Debug|iPhoneSimulator.ActiveCfg = Debug|Any CPU
		{9C91B0C1-BB65-49D1-AC8E-8925ED213588}.Debug|iPhoneSimulator.Build.0 = Debug|Any CPU
		{9C91B0C1-BB65-49D1-AC8E-8925ED213588}.Release|Any CPU.ActiveCfg = Release|Any CPU
		{9C91B0C1-BB65-49D1-AC8E-8925ED213588}.Release|Any CPU.Build.0 = Release|Any CPU
		{9C91B0C1-BB65-49D1-AC8E-8925ED213588}.Release|iPhone.ActiveCfg = Release|Any CPU
		{9C91B0C1-BB65-49D1-AC8E-8925ED213588}.Release|iPhone.Build.0 = Release|Any CPU
		{9C91B0C1-BB65-49D1-AC8E-8925ED213588}.Release|iPhoneSimulator.ActiveCfg = Release|Any CPU
		{9C91B0C1-BB65-49D1-AC8E-8925ED213588}.Release|iPhoneSimulator.Build.0 = Release|Any CPU
		{DDA33B4B-8290-4383-9F00-48198B6A4E8B}.Debug|Any CPU.ActiveCfg = Debug|Any CPU
		{DDA33B4B-8290-4383-9F00-48198B6A4E8B}.Debug|Any CPU.Build.0 = Debug|Any CPU
		{DDA33B4B-8290-4383-9F00-48198B6A4E8B}.Debug|iPhone.ActiveCfg = Debug|Any CPU
		{DDA33B4B-8290-4383-9F00-48198B6A4E8B}.Debug|iPhone.Build.0 = Debug|Any CPU
		{DDA33B4B-8290-4383-9F00-48198B6A4E8B}.Debug|iPhoneSimulator.ActiveCfg = Debug|Any CPU
		{DDA33B4B-8290-4383-9F00-48198B6A4E8B}.Debug|iPhoneSimulator.Build.0 = Debug|Any CPU
		{DDA33B4B-8290-4383-9F00-48198B6A4E8B}.Release|Any CPU.ActiveCfg = Release|Any CPU
		{DDA33B4B-8290-4383-9F00-48198B6A4E8B}.Release|Any CPU.Build.0 = Release|Any CPU
		{DDA33B4B-8290-4383-9F00-48198B6A4E8B}.Release|iPhone.ActiveCfg = Release|Any CPU
		{DDA33B4B-8290-4383-9F00-48198B6A4E8B}.Release|iPhone.Build.0 = Release|Any CPU
		{DDA33B4B-8290-4383-9F00-48198B6A4E8B}.Release|iPhoneSimulator.ActiveCfg = Release|Any CPU
		{DDA33B4B-8290-4383-9F00-48198B6A4E8B}.Release|iPhoneSimulator.Build.0 = Release|Any CPU
		{9B43B767-408D-4596-906E-129A15168380}.Debug|Any CPU.ActiveCfg = Debug|Any CPU
		{9B43B767-408D-4596-906E-129A15168380}.Debug|Any CPU.Build.0 = Debug|Any CPU
		{9B43B767-408D-4596-906E-129A15168380}.Debug|iPhone.ActiveCfg = Debug|Any CPU
		{9B43B767-408D-4596-906E-129A15168380}.Debug|iPhone.Build.0 = Debug|Any CPU
		{9B43B767-408D-4596-906E-129A15168380}.Debug|iPhoneSimulator.ActiveCfg = Debug|Any CPU
		{9B43B767-408D-4596-906E-129A15168380}.Debug|iPhoneSimulator.Build.0 = Debug|Any CPU
		{9B43B767-408D-4596-906E-129A15168380}.Release|Any CPU.ActiveCfg = Release|Any CPU
		{9B43B767-408D-4596-906E-129A15168380}.Release|Any CPU.Build.0 = Release|Any CPU
		{9B43B767-408D-4596-906E-129A15168380}.Release|iPhone.ActiveCfg = Release|Any CPU
		{9B43B767-408D-4596-906E-129A15168380}.Release|iPhone.Build.0 = Release|Any CPU
		{9B43B767-408D-4596-906E-129A15168380}.Release|iPhoneSimulator.ActiveCfg = Release|Any CPU
		{9B43B767-408D-4596-906E-129A15168380}.Release|iPhoneSimulator.Build.0 = Release|Any CPU
		{E8BE0812-16C5-4170-AF04-041E70C4DA0F}.Debug|Any CPU.ActiveCfg = Debug|Any CPU
		{E8BE0812-16C5-4170-AF04-041E70C4DA0F}.Debug|Any CPU.Build.0 = Debug|Any CPU
		{E8BE0812-16C5-4170-AF04-041E70C4DA0F}.Debug|iPhone.ActiveCfg = Debug|Any CPU
		{E8BE0812-16C5-4170-AF04-041E70C4DA0F}.Debug|iPhone.Build.0 = Debug|Any CPU
		{E8BE0812-16C5-4170-AF04-041E70C4DA0F}.Debug|iPhoneSimulator.ActiveCfg = Debug|Any CPU
		{E8BE0812-16C5-4170-AF04-041E70C4DA0F}.Debug|iPhoneSimulator.Build.0 = Debug|Any CPU
		{E8BE0812-16C5-4170-AF04-041E70C4DA0F}.Release|Any CPU.ActiveCfg = Release|Any CPU
		{E8BE0812-16C5-4170-AF04-041E70C4DA0F}.Release|Any CPU.Build.0 = Release|Any CPU
		{E8BE0812-16C5-4170-AF04-041E70C4DA0F}.Release|iPhone.ActiveCfg = Release|Any CPU
		{E8BE0812-16C5-4170-AF04-041E70C4DA0F}.Release|iPhone.Build.0 = Release|Any CPU
		{E8BE0812-16C5-4170-AF04-041E70C4DA0F}.Release|iPhoneSimulator.ActiveCfg = Release|Any CPU
		{E8BE0812-16C5-4170-AF04-041E70C4DA0F}.Release|iPhoneSimulator.Build.0 = Release|Any CPU
		{D7FBC32D-BCEB-4593-BE93-1E4F4ACAC3AA}.Debug|Any CPU.ActiveCfg = Debug|Any CPU
		{D7FBC32D-BCEB-4593-BE93-1E4F4ACAC3AA}.Debug|Any CPU.Build.0 = Debug|Any CPU
		{D7FBC32D-BCEB-4593-BE93-1E4F4ACAC3AA}.Debug|iPhone.ActiveCfg = Debug|Any CPU
		{D7FBC32D-BCEB-4593-BE93-1E4F4ACAC3AA}.Debug|iPhone.Build.0 = Debug|Any CPU
		{D7FBC32D-BCEB-4593-BE93-1E4F4ACAC3AA}.Debug|iPhoneSimulator.ActiveCfg = Debug|Any CPU
		{D7FBC32D-BCEB-4593-BE93-1E4F4ACAC3AA}.Debug|iPhoneSimulator.Build.0 = Debug|Any CPU
		{D7FBC32D-BCEB-4593-BE93-1E4F4ACAC3AA}.Release|Any CPU.ActiveCfg = Release|Any CPU
		{D7FBC32D-BCEB-4593-BE93-1E4F4ACAC3AA}.Release|Any CPU.Build.0 = Release|Any CPU
		{D7FBC32D-BCEB-4593-BE93-1E4F4ACAC3AA}.Release|iPhone.ActiveCfg = Release|Any CPU
		{D7FBC32D-BCEB-4593-BE93-1E4F4ACAC3AA}.Release|iPhone.Build.0 = Release|Any CPU
		{D7FBC32D-BCEB-4593-BE93-1E4F4ACAC3AA}.Release|iPhoneSimulator.ActiveCfg = Release|Any CPU
		{D7FBC32D-BCEB-4593-BE93-1E4F4ACAC3AA}.Release|iPhoneSimulator.Build.0 = Release|Any CPU
		{8490E907-5ADD-40A2-8118-AEADAA6290EB}.Debug|Any CPU.ActiveCfg = Debug|Any CPU
		{8490E907-5ADD-40A2-8118-AEADAA6290EB}.Debug|Any CPU.Build.0 = Debug|Any CPU
		{8490E907-5ADD-40A2-8118-AEADAA6290EB}.Debug|iPhone.ActiveCfg = Debug|Any CPU
		{8490E907-5ADD-40A2-8118-AEADAA6290EB}.Debug|iPhone.Build.0 = Debug|Any CPU
		{8490E907-5ADD-40A2-8118-AEADAA6290EB}.Debug|iPhoneSimulator.ActiveCfg = Debug|Any CPU
		{8490E907-5ADD-40A2-8118-AEADAA6290EB}.Debug|iPhoneSimulator.Build.0 = Debug|Any CPU
		{8490E907-5ADD-40A2-8118-AEADAA6290EB}.Release|Any CPU.ActiveCfg = Release|Any CPU
		{8490E907-5ADD-40A2-8118-AEADAA6290EB}.Release|Any CPU.Build.0 = Release|Any CPU
		{8490E907-5ADD-40A2-8118-AEADAA6290EB}.Release|iPhone.ActiveCfg = Release|Any CPU
		{8490E907-5ADD-40A2-8118-AEADAA6290EB}.Release|iPhone.Build.0 = Release|Any CPU
		{8490E907-5ADD-40A2-8118-AEADAA6290EB}.Release|iPhoneSimulator.ActiveCfg = Release|Any CPU
		{8490E907-5ADD-40A2-8118-AEADAA6290EB}.Release|iPhoneSimulator.Build.0 = Release|Any CPU
		{64ABE1E2-77CC-44F9-A6B6-D23A4F93FF6F}.Debug|Any CPU.ActiveCfg = Debug|Any CPU
		{64ABE1E2-77CC-44F9-A6B6-D23A4F93FF6F}.Debug|Any CPU.Build.0 = Debug|Any CPU
		{64ABE1E2-77CC-44F9-A6B6-D23A4F93FF6F}.Debug|iPhone.ActiveCfg = Debug|Any CPU
		{64ABE1E2-77CC-44F9-A6B6-D23A4F93FF6F}.Debug|iPhone.Build.0 = Debug|Any CPU
		{64ABE1E2-77CC-44F9-A6B6-D23A4F93FF6F}.Debug|iPhoneSimulator.ActiveCfg = Debug|Any CPU
		{64ABE1E2-77CC-44F9-A6B6-D23A4F93FF6F}.Debug|iPhoneSimulator.Build.0 = Debug|Any CPU
		{64ABE1E2-77CC-44F9-A6B6-D23A4F93FF6F}.Release|Any CPU.ActiveCfg = Release|Any CPU
		{64ABE1E2-77CC-44F9-A6B6-D23A4F93FF6F}.Release|Any CPU.Build.0 = Release|Any CPU
		{64ABE1E2-77CC-44F9-A6B6-D23A4F93FF6F}.Release|iPhone.ActiveCfg = Release|Any CPU
		{64ABE1E2-77CC-44F9-A6B6-D23A4F93FF6F}.Release|iPhone.Build.0 = Release|Any CPU
		{64ABE1E2-77CC-44F9-A6B6-D23A4F93FF6F}.Release|iPhoneSimulator.ActiveCfg = Release|Any CPU
		{64ABE1E2-77CC-44F9-A6B6-D23A4F93FF6F}.Release|iPhoneSimulator.Build.0 = Release|Any CPU
		{F2C7E1E7-A96E-4AA1-8E47-CAE381D4778A}.Debug|Any CPU.ActiveCfg = Debug|Any CPU
		{F2C7E1E7-A96E-4AA1-8E47-CAE381D4778A}.Debug|Any CPU.Build.0 = Debug|Any CPU
		{F2C7E1E7-A96E-4AA1-8E47-CAE381D4778A}.Debug|iPhone.ActiveCfg = Debug|Any CPU
		{F2C7E1E7-A96E-4AA1-8E47-CAE381D4778A}.Debug|iPhone.Build.0 = Debug|Any CPU
		{F2C7E1E7-A96E-4AA1-8E47-CAE381D4778A}.Debug|iPhoneSimulator.ActiveCfg = Debug|Any CPU
		{F2C7E1E7-A96E-4AA1-8E47-CAE381D4778A}.Debug|iPhoneSimulator.Build.0 = Debug|Any CPU
		{F2C7E1E7-A96E-4AA1-8E47-CAE381D4778A}.Release|Any CPU.ActiveCfg = Release|Any CPU
		{F2C7E1E7-A96E-4AA1-8E47-CAE381D4778A}.Release|Any CPU.Build.0 = Release|Any CPU
		{F2C7E1E7-A96E-4AA1-8E47-CAE381D4778A}.Release|iPhone.ActiveCfg = Release|Any CPU
		{F2C7E1E7-A96E-4AA1-8E47-CAE381D4778A}.Release|iPhone.Build.0 = Release|Any CPU
		{F2C7E1E7-A96E-4AA1-8E47-CAE381D4778A}.Release|iPhoneSimulator.ActiveCfg = Release|Any CPU
		{F2C7E1E7-A96E-4AA1-8E47-CAE381D4778A}.Release|iPhoneSimulator.Build.0 = Release|Any CPU
		{0CFF7A76-A71D-4815-BBB9-8102FD205380}.Debug|Any CPU.ActiveCfg = Debug|Any CPU
		{0CFF7A76-A71D-4815-BBB9-8102FD205380}.Debug|Any CPU.Build.0 = Debug|Any CPU
		{0CFF7A76-A71D-4815-BBB9-8102FD205380}.Debug|iPhone.ActiveCfg = Debug|Any CPU
		{0CFF7A76-A71D-4815-BBB9-8102FD205380}.Debug|iPhone.Build.0 = Debug|Any CPU
		{0CFF7A76-A71D-4815-BBB9-8102FD205380}.Debug|iPhoneSimulator.ActiveCfg = Debug|Any CPU
		{0CFF7A76-A71D-4815-BBB9-8102FD205380}.Debug|iPhoneSimulator.Build.0 = Debug|Any CPU
		{0CFF7A76-A71D-4815-BBB9-8102FD205380}.Release|Any CPU.ActiveCfg = Release|Any CPU
		{0CFF7A76-A71D-4815-BBB9-8102FD205380}.Release|Any CPU.Build.0 = Release|Any CPU
		{0CFF7A76-A71D-4815-BBB9-8102FD205380}.Release|iPhone.ActiveCfg = Release|Any CPU
		{0CFF7A76-A71D-4815-BBB9-8102FD205380}.Release|iPhone.Build.0 = Release|Any CPU
		{0CFF7A76-A71D-4815-BBB9-8102FD205380}.Release|iPhoneSimulator.ActiveCfg = Release|Any CPU
		{0CFF7A76-A71D-4815-BBB9-8102FD205380}.Release|iPhoneSimulator.Build.0 = Release|Any CPU
		{48F1FB32-3ED0-4BD9-8DA6-86738E3CAC89}.Debug|Any CPU.ActiveCfg = Debug|Any CPU
		{48F1FB32-3ED0-4BD9-8DA6-86738E3CAC89}.Debug|Any CPU.Build.0 = Debug|Any CPU
		{48F1FB32-3ED0-4BD9-8DA6-86738E3CAC89}.Debug|iPhone.ActiveCfg = Debug|Any CPU
		{48F1FB32-3ED0-4BD9-8DA6-86738E3CAC89}.Debug|iPhone.Build.0 = Debug|Any CPU
		{48F1FB32-3ED0-4BD9-8DA6-86738E3CAC89}.Debug|iPhoneSimulator.ActiveCfg = Debug|Any CPU
		{48F1FB32-3ED0-4BD9-8DA6-86738E3CAC89}.Debug|iPhoneSimulator.Build.0 = Debug|Any CPU
		{48F1FB32-3ED0-4BD9-8DA6-86738E3CAC89}.Release|Any CPU.ActiveCfg = Release|Any CPU
		{48F1FB32-3ED0-4BD9-8DA6-86738E3CAC89}.Release|Any CPU.Build.0 = Release|Any CPU
		{48F1FB32-3ED0-4BD9-8DA6-86738E3CAC89}.Release|iPhone.ActiveCfg = Release|Any CPU
		{48F1FB32-3ED0-4BD9-8DA6-86738E3CAC89}.Release|iPhone.Build.0 = Release|Any CPU
		{48F1FB32-3ED0-4BD9-8DA6-86738E3CAC89}.Release|iPhoneSimulator.ActiveCfg = Release|Any CPU
		{48F1FB32-3ED0-4BD9-8DA6-86738E3CAC89}.Release|iPhoneSimulator.Build.0 = Release|Any CPU
		{289BD504-F134-4712-9E28-3F114970B590}.Debug|Any CPU.ActiveCfg = Debug|Any CPU
		{289BD504-F134-4712-9E28-3F114970B590}.Debug|Any CPU.Build.0 = Debug|Any CPU
		{289BD504-F134-4712-9E28-3F114970B590}.Debug|iPhone.ActiveCfg = Debug|Any CPU
		{289BD504-F134-4712-9E28-3F114970B590}.Debug|iPhone.Build.0 = Debug|Any CPU
		{289BD504-F134-4712-9E28-3F114970B590}.Debug|iPhoneSimulator.ActiveCfg = Debug|Any CPU
		{289BD504-F134-4712-9E28-3F114970B590}.Debug|iPhoneSimulator.Build.0 = Debug|Any CPU
		{289BD504-F134-4712-9E28-3F114970B590}.Release|Any CPU.ActiveCfg = Release|Any CPU
		{289BD504-F134-4712-9E28-3F114970B590}.Release|Any CPU.Build.0 = Release|Any CPU
		{289BD504-F134-4712-9E28-3F114970B590}.Release|iPhone.ActiveCfg = Release|Any CPU
		{289BD504-F134-4712-9E28-3F114970B590}.Release|iPhone.Build.0 = Release|Any CPU
		{289BD504-F134-4712-9E28-3F114970B590}.Release|iPhoneSimulator.ActiveCfg = Release|Any CPU
		{289BD504-F134-4712-9E28-3F114970B590}.Release|iPhoneSimulator.Build.0 = Release|Any CPU
		{D72C647E-F08D-46EF-94F5-C9BF1B0E840B}.Debug|Any CPU.ActiveCfg = Debug|Any CPU
		{D72C647E-F08D-46EF-94F5-C9BF1B0E840B}.Debug|Any CPU.Build.0 = Debug|Any CPU
		{D72C647E-F08D-46EF-94F5-C9BF1B0E840B}.Debug|iPhone.ActiveCfg = Debug|Any CPU
		{D72C647E-F08D-46EF-94F5-C9BF1B0E840B}.Debug|iPhone.Build.0 = Debug|Any CPU
		{D72C647E-F08D-46EF-94F5-C9BF1B0E840B}.Debug|iPhoneSimulator.ActiveCfg = Debug|Any CPU
		{D72C647E-F08D-46EF-94F5-C9BF1B0E840B}.Debug|iPhoneSimulator.Build.0 = Debug|Any CPU
		{D72C647E-F08D-46EF-94F5-C9BF1B0E840B}.Release|Any CPU.ActiveCfg = Release|Any CPU
		{D72C647E-F08D-46EF-94F5-C9BF1B0E840B}.Release|Any CPU.Build.0 = Release|Any CPU
		{D72C647E-F08D-46EF-94F5-C9BF1B0E840B}.Release|iPhone.ActiveCfg = Release|Any CPU
		{D72C647E-F08D-46EF-94F5-C9BF1B0E840B}.Release|iPhone.Build.0 = Release|Any CPU
		{D72C647E-F08D-46EF-94F5-C9BF1B0E840B}.Release|iPhoneSimulator.ActiveCfg = Release|Any CPU
		{D72C647E-F08D-46EF-94F5-C9BF1B0E840B}.Release|iPhoneSimulator.Build.0 = Release|Any CPU
		{7874A584-F758-4ACA-BB08-B707E0128C22}.Debug|Any CPU.ActiveCfg = Debug|Any CPU
		{7874A584-F758-4ACA-BB08-B707E0128C22}.Debug|Any CPU.Build.0 = Debug|Any CPU
		{7874A584-F758-4ACA-BB08-B707E0128C22}.Debug|iPhone.ActiveCfg = Debug|Any CPU
		{7874A584-F758-4ACA-BB08-B707E0128C22}.Debug|iPhone.Build.0 = Debug|Any CPU
		{7874A584-F758-4ACA-BB08-B707E0128C22}.Debug|iPhoneSimulator.ActiveCfg = Debug|Any CPU
		{7874A584-F758-4ACA-BB08-B707E0128C22}.Debug|iPhoneSimulator.Build.0 = Debug|Any CPU
		{7874A584-F758-4ACA-BB08-B707E0128C22}.Release|Any CPU.ActiveCfg = Release|Any CPU
		{7874A584-F758-4ACA-BB08-B707E0128C22}.Release|Any CPU.Build.0 = Release|Any CPU
		{7874A584-F758-4ACA-BB08-B707E0128C22}.Release|iPhone.ActiveCfg = Release|Any CPU
		{7874A584-F758-4ACA-BB08-B707E0128C22}.Release|iPhone.Build.0 = Release|Any CPU
		{7874A584-F758-4ACA-BB08-B707E0128C22}.Release|iPhoneSimulator.ActiveCfg = Release|Any CPU
		{7874A584-F758-4ACA-BB08-B707E0128C22}.Release|iPhoneSimulator.Build.0 = Release|Any CPU
		{3828E2BB-9380-445A-B8AC-CBCC4E788FE2}.Debug|Any CPU.ActiveCfg = Debug|Any CPU
		{3828E2BB-9380-445A-B8AC-CBCC4E788FE2}.Debug|Any CPU.Build.0 = Debug|Any CPU
		{3828E2BB-9380-445A-B8AC-CBCC4E788FE2}.Debug|iPhone.ActiveCfg = Debug|Any CPU
		{3828E2BB-9380-445A-B8AC-CBCC4E788FE2}.Debug|iPhone.Build.0 = Debug|Any CPU
		{3828E2BB-9380-445A-B8AC-CBCC4E788FE2}.Debug|iPhoneSimulator.ActiveCfg = Debug|Any CPU
		{3828E2BB-9380-445A-B8AC-CBCC4E788FE2}.Debug|iPhoneSimulator.Build.0 = Debug|Any CPU
		{3828E2BB-9380-445A-B8AC-CBCC4E788FE2}.Release|Any CPU.ActiveCfg = Release|Any CPU
		{3828E2BB-9380-445A-B8AC-CBCC4E788FE2}.Release|Any CPU.Build.0 = Release|Any CPU
		{3828E2BB-9380-445A-B8AC-CBCC4E788FE2}.Release|iPhone.ActiveCfg = Release|Any CPU
		{3828E2BB-9380-445A-B8AC-CBCC4E788FE2}.Release|iPhone.Build.0 = Release|Any CPU
		{3828E2BB-9380-445A-B8AC-CBCC4E788FE2}.Release|iPhoneSimulator.ActiveCfg = Release|Any CPU
		{3828E2BB-9380-445A-B8AC-CBCC4E788FE2}.Release|iPhoneSimulator.Build.0 = Release|Any CPU
		{BFB98A61-D833-4F2D-A6E2-E6FF3704AFAC}.Debug|Any CPU.ActiveCfg = Debug|Any CPU
		{BFB98A61-D833-4F2D-A6E2-E6FF3704AFAC}.Debug|Any CPU.Build.0 = Debug|Any CPU
		{BFB98A61-D833-4F2D-A6E2-E6FF3704AFAC}.Debug|iPhone.ActiveCfg = Debug|Any CPU
		{BFB98A61-D833-4F2D-A6E2-E6FF3704AFAC}.Debug|iPhone.Build.0 = Debug|Any CPU
		{BFB98A61-D833-4F2D-A6E2-E6FF3704AFAC}.Debug|iPhoneSimulator.ActiveCfg = Debug|Any CPU
		{BFB98A61-D833-4F2D-A6E2-E6FF3704AFAC}.Debug|iPhoneSimulator.Build.0 = Debug|Any CPU
		{BFB98A61-D833-4F2D-A6E2-E6FF3704AFAC}.Release|Any CPU.ActiveCfg = Release|Any CPU
		{BFB98A61-D833-4F2D-A6E2-E6FF3704AFAC}.Release|Any CPU.Build.0 = Release|Any CPU
		{BFB98A61-D833-4F2D-A6E2-E6FF3704AFAC}.Release|iPhone.ActiveCfg = Release|Any CPU
		{BFB98A61-D833-4F2D-A6E2-E6FF3704AFAC}.Release|iPhone.Build.0 = Release|Any CPU
		{BFB98A61-D833-4F2D-A6E2-E6FF3704AFAC}.Release|iPhoneSimulator.ActiveCfg = Release|Any CPU
		{BFB98A61-D833-4F2D-A6E2-E6FF3704AFAC}.Release|iPhoneSimulator.Build.0 = Release|Any CPU
		{9F9A22E6-8F61-4768-BFCE-2CDF20C34946}.Debug|Any CPU.ActiveCfg = Debug|Any CPU
		{9F9A22E6-8F61-4768-BFCE-2CDF20C34946}.Debug|Any CPU.Build.0 = Debug|Any CPU
		{9F9A22E6-8F61-4768-BFCE-2CDF20C34946}.Debug|iPhone.ActiveCfg = Debug|Any CPU
		{9F9A22E6-8F61-4768-BFCE-2CDF20C34946}.Debug|iPhone.Build.0 = Debug|Any CPU
		{9F9A22E6-8F61-4768-BFCE-2CDF20C34946}.Debug|iPhoneSimulator.ActiveCfg = Debug|Any CPU
		{9F9A22E6-8F61-4768-BFCE-2CDF20C34946}.Debug|iPhoneSimulator.Build.0 = Debug|Any CPU
		{9F9A22E6-8F61-4768-BFCE-2CDF20C34946}.Release|Any CPU.ActiveCfg = Release|Any CPU
		{9F9A22E6-8F61-4768-BFCE-2CDF20C34946}.Release|Any CPU.Build.0 = Release|Any CPU
		{9F9A22E6-8F61-4768-BFCE-2CDF20C34946}.Release|iPhone.ActiveCfg = Release|Any CPU
		{9F9A22E6-8F61-4768-BFCE-2CDF20C34946}.Release|iPhone.Build.0 = Release|Any CPU
		{9F9A22E6-8F61-4768-BFCE-2CDF20C34946}.Release|iPhoneSimulator.ActiveCfg = Release|Any CPU
		{9F9A22E6-8F61-4768-BFCE-2CDF20C34946}.Release|iPhoneSimulator.Build.0 = Release|Any CPU
		{835B3837-1032-4240-BA6E-4C207CE358A0}.Debug|Any CPU.ActiveCfg = Debug|Any CPU
		{835B3837-1032-4240-BA6E-4C207CE358A0}.Debug|Any CPU.Build.0 = Debug|Any CPU
		{835B3837-1032-4240-BA6E-4C207CE358A0}.Debug|iPhone.ActiveCfg = Debug|Any CPU
		{835B3837-1032-4240-BA6E-4C207CE358A0}.Debug|iPhone.Build.0 = Debug|Any CPU
		{835B3837-1032-4240-BA6E-4C207CE358A0}.Debug|iPhoneSimulator.ActiveCfg = Debug|Any CPU
		{835B3837-1032-4240-BA6E-4C207CE358A0}.Debug|iPhoneSimulator.Build.0 = Debug|Any CPU
		{835B3837-1032-4240-BA6E-4C207CE358A0}.Release|Any CPU.ActiveCfg = Release|Any CPU
		{835B3837-1032-4240-BA6E-4C207CE358A0}.Release|Any CPU.Build.0 = Release|Any CPU
		{835B3837-1032-4240-BA6E-4C207CE358A0}.Release|iPhone.ActiveCfg = Release|Any CPU
		{835B3837-1032-4240-BA6E-4C207CE358A0}.Release|iPhone.Build.0 = Release|Any CPU
		{835B3837-1032-4240-BA6E-4C207CE358A0}.Release|iPhoneSimulator.ActiveCfg = Release|Any CPU
		{835B3837-1032-4240-BA6E-4C207CE358A0}.Release|iPhoneSimulator.Build.0 = Release|Any CPU
		{FC1D0E44-7B35-4069-BABE-CEE95C6DCBB1}.Debug|Any CPU.ActiveCfg = Debug|Any CPU
		{FC1D0E44-7B35-4069-BABE-CEE95C6DCBB1}.Debug|Any CPU.Build.0 = Debug|Any CPU
		{FC1D0E44-7B35-4069-BABE-CEE95C6DCBB1}.Debug|iPhone.ActiveCfg = Debug|Any CPU
		{FC1D0E44-7B35-4069-BABE-CEE95C6DCBB1}.Debug|iPhone.Build.0 = Debug|Any CPU
		{FC1D0E44-7B35-4069-BABE-CEE95C6DCBB1}.Debug|iPhoneSimulator.ActiveCfg = Debug|Any CPU
		{FC1D0E44-7B35-4069-BABE-CEE95C6DCBB1}.Debug|iPhoneSimulator.Build.0 = Debug|Any CPU
		{FC1D0E44-7B35-4069-BABE-CEE95C6DCBB1}.Release|Any CPU.ActiveCfg = Release|Any CPU
		{FC1D0E44-7B35-4069-BABE-CEE95C6DCBB1}.Release|Any CPU.Build.0 = Release|Any CPU
		{FC1D0E44-7B35-4069-BABE-CEE95C6DCBB1}.Release|iPhone.ActiveCfg = Release|Any CPU
		{FC1D0E44-7B35-4069-BABE-CEE95C6DCBB1}.Release|iPhone.Build.0 = Release|Any CPU
		{FC1D0E44-7B35-4069-BABE-CEE95C6DCBB1}.Release|iPhoneSimulator.ActiveCfg = Release|Any CPU
		{FC1D0E44-7B35-4069-BABE-CEE95C6DCBB1}.Release|iPhoneSimulator.Build.0 = Release|Any CPU
		{9AF3F391-FA2C-4BC4-B9B1-60385C88CA04}.Debug|Any CPU.ActiveCfg = Debug|Any CPU
		{9AF3F391-FA2C-4BC4-B9B1-60385C88CA04}.Debug|Any CPU.Build.0 = Debug|Any CPU
		{9AF3F391-FA2C-4BC4-B9B1-60385C88CA04}.Debug|iPhone.ActiveCfg = Debug|Any CPU
		{9AF3F391-FA2C-4BC4-B9B1-60385C88CA04}.Debug|iPhone.Build.0 = Debug|Any CPU
		{9AF3F391-FA2C-4BC4-B9B1-60385C88CA04}.Debug|iPhoneSimulator.ActiveCfg = Debug|Any CPU
		{9AF3F391-FA2C-4BC4-B9B1-60385C88CA04}.Debug|iPhoneSimulator.Build.0 = Debug|Any CPU
		{9AF3F391-FA2C-4BC4-B9B1-60385C88CA04}.Release|Any CPU.ActiveCfg = Release|Any CPU
		{9AF3F391-FA2C-4BC4-B9B1-60385C88CA04}.Release|Any CPU.Build.0 = Release|Any CPU
		{9AF3F391-FA2C-4BC4-B9B1-60385C88CA04}.Release|iPhone.ActiveCfg = Release|Any CPU
		{9AF3F391-FA2C-4BC4-B9B1-60385C88CA04}.Release|iPhone.Build.0 = Release|Any CPU
		{9AF3F391-FA2C-4BC4-B9B1-60385C88CA04}.Release|iPhoneSimulator.ActiveCfg = Release|Any CPU
		{9AF3F391-FA2C-4BC4-B9B1-60385C88CA04}.Release|iPhoneSimulator.Build.0 = Release|Any CPU
		{366AC32F-0FB3-4E55-8F86-3F74D2E67E85}.Debug|Any CPU.ActiveCfg = Debug|Any CPU
		{366AC32F-0FB3-4E55-8F86-3F74D2E67E85}.Debug|Any CPU.Build.0 = Debug|Any CPU
		{366AC32F-0FB3-4E55-8F86-3F74D2E67E85}.Debug|iPhone.ActiveCfg = Debug|Any CPU
		{366AC32F-0FB3-4E55-8F86-3F74D2E67E85}.Debug|iPhone.Build.0 = Debug|Any CPU
		{366AC32F-0FB3-4E55-8F86-3F74D2E67E85}.Debug|iPhoneSimulator.ActiveCfg = Debug|Any CPU
		{366AC32F-0FB3-4E55-8F86-3F74D2E67E85}.Debug|iPhoneSimulator.Build.0 = Debug|Any CPU
		{366AC32F-0FB3-4E55-8F86-3F74D2E67E85}.Release|Any CPU.ActiveCfg = Release|Any CPU
		{366AC32F-0FB3-4E55-8F86-3F74D2E67E85}.Release|Any CPU.Build.0 = Release|Any CPU
		{366AC32F-0FB3-4E55-8F86-3F74D2E67E85}.Release|iPhone.ActiveCfg = Release|Any CPU
		{366AC32F-0FB3-4E55-8F86-3F74D2E67E85}.Release|iPhone.Build.0 = Release|Any CPU
		{366AC32F-0FB3-4E55-8F86-3F74D2E67E85}.Release|iPhoneSimulator.ActiveCfg = Release|Any CPU
		{366AC32F-0FB3-4E55-8F86-3F74D2E67E85}.Release|iPhoneSimulator.Build.0 = Release|Any CPU
		{EB4F3A68-18FF-4790-8D9E-7FA58F03FC9E}.Debug|Any CPU.ActiveCfg = Debug|Any CPU
		{EB4F3A68-18FF-4790-8D9E-7FA58F03FC9E}.Debug|Any CPU.Build.0 = Debug|Any CPU
		{EB4F3A68-18FF-4790-8D9E-7FA58F03FC9E}.Debug|iPhone.ActiveCfg = Debug|Any CPU
		{EB4F3A68-18FF-4790-8D9E-7FA58F03FC9E}.Debug|iPhone.Build.0 = Debug|Any CPU
		{EB4F3A68-18FF-4790-8D9E-7FA58F03FC9E}.Debug|iPhoneSimulator.ActiveCfg = Debug|Any CPU
		{EB4F3A68-18FF-4790-8D9E-7FA58F03FC9E}.Debug|iPhoneSimulator.Build.0 = Debug|Any CPU
		{EB4F3A68-18FF-4790-8D9E-7FA58F03FC9E}.Release|Any CPU.ActiveCfg = Release|Any CPU
		{EB4F3A68-18FF-4790-8D9E-7FA58F03FC9E}.Release|Any CPU.Build.0 = Release|Any CPU
		{EB4F3A68-18FF-4790-8D9E-7FA58F03FC9E}.Release|iPhone.ActiveCfg = Release|Any CPU
		{EB4F3A68-18FF-4790-8D9E-7FA58F03FC9E}.Release|iPhone.Build.0 = Release|Any CPU
		{EB4F3A68-18FF-4790-8D9E-7FA58F03FC9E}.Release|iPhoneSimulator.ActiveCfg = Release|Any CPU
		{EB4F3A68-18FF-4790-8D9E-7FA58F03FC9E}.Release|iPhoneSimulator.Build.0 = Release|Any CPU
		{74A42BD1-57D9-43C7-9BB9-600A4620B218}.Debug|Any CPU.ActiveCfg = Debug|Any CPU
		{74A42BD1-57D9-43C7-9BB9-600A4620B218}.Debug|Any CPU.Build.0 = Debug|Any CPU
		{74A42BD1-57D9-43C7-9BB9-600A4620B218}.Debug|iPhone.ActiveCfg = Debug|Any CPU
		{74A42BD1-57D9-43C7-9BB9-600A4620B218}.Debug|iPhone.Build.0 = Debug|Any CPU
		{74A42BD1-57D9-43C7-9BB9-600A4620B218}.Debug|iPhoneSimulator.ActiveCfg = Debug|Any CPU
		{74A42BD1-57D9-43C7-9BB9-600A4620B218}.Debug|iPhoneSimulator.Build.0 = Debug|Any CPU
		{74A42BD1-57D9-43C7-9BB9-600A4620B218}.Release|Any CPU.ActiveCfg = Release|Any CPU
		{74A42BD1-57D9-43C7-9BB9-600A4620B218}.Release|Any CPU.Build.0 = Release|Any CPU
		{74A42BD1-57D9-43C7-9BB9-600A4620B218}.Release|iPhone.ActiveCfg = Release|Any CPU
		{74A42BD1-57D9-43C7-9BB9-600A4620B218}.Release|iPhone.Build.0 = Release|Any CPU
		{74A42BD1-57D9-43C7-9BB9-600A4620B218}.Release|iPhoneSimulator.ActiveCfg = Release|Any CPU
		{74A42BD1-57D9-43C7-9BB9-600A4620B218}.Release|iPhoneSimulator.Build.0 = Release|Any CPU
		{24CF9EDF-8C30-4900-8B50-5B6D49052ABE}.Debug|Any CPU.ActiveCfg = Debug|Any CPU
		{24CF9EDF-8C30-4900-8B50-5B6D49052ABE}.Debug|Any CPU.Build.0 = Debug|Any CPU
		{24CF9EDF-8C30-4900-8B50-5B6D49052ABE}.Debug|iPhone.ActiveCfg = Debug|Any CPU
		{24CF9EDF-8C30-4900-8B50-5B6D49052ABE}.Debug|iPhone.Build.0 = Debug|Any CPU
		{24CF9EDF-8C30-4900-8B50-5B6D49052ABE}.Debug|iPhoneSimulator.ActiveCfg = Debug|Any CPU
		{24CF9EDF-8C30-4900-8B50-5B6D49052ABE}.Debug|iPhoneSimulator.Build.0 = Debug|Any CPU
		{24CF9EDF-8C30-4900-8B50-5B6D49052ABE}.Release|Any CPU.ActiveCfg = Release|Any CPU
		{24CF9EDF-8C30-4900-8B50-5B6D49052ABE}.Release|Any CPU.Build.0 = Release|Any CPU
		{24CF9EDF-8C30-4900-8B50-5B6D49052ABE}.Release|iPhone.ActiveCfg = Release|Any CPU
		{24CF9EDF-8C30-4900-8B50-5B6D49052ABE}.Release|iPhone.Build.0 = Release|Any CPU
		{24CF9EDF-8C30-4900-8B50-5B6D49052ABE}.Release|iPhoneSimulator.ActiveCfg = Release|Any CPU
		{24CF9EDF-8C30-4900-8B50-5B6D49052ABE}.Release|iPhoneSimulator.Build.0 = Release|Any CPU
		{DD295473-BD7A-441A-A3E4-A141A60C48DC}.Debug|Any CPU.ActiveCfg = Debug|Any CPU
		{DD295473-BD7A-441A-A3E4-A141A60C48DC}.Debug|Any CPU.Build.0 = Debug|Any CPU
		{DD295473-BD7A-441A-A3E4-A141A60C48DC}.Debug|iPhone.ActiveCfg = Debug|Any CPU
		{DD295473-BD7A-441A-A3E4-A141A60C48DC}.Debug|iPhone.Build.0 = Debug|Any CPU
		{DD295473-BD7A-441A-A3E4-A141A60C48DC}.Debug|iPhoneSimulator.ActiveCfg = Debug|Any CPU
		{DD295473-BD7A-441A-A3E4-A141A60C48DC}.Debug|iPhoneSimulator.Build.0 = Debug|Any CPU
		{DD295473-BD7A-441A-A3E4-A141A60C48DC}.Release|Any CPU.ActiveCfg = Release|Any CPU
		{DD295473-BD7A-441A-A3E4-A141A60C48DC}.Release|Any CPU.Build.0 = Release|Any CPU
		{DD295473-BD7A-441A-A3E4-A141A60C48DC}.Release|iPhone.ActiveCfg = Release|Any CPU
		{DD295473-BD7A-441A-A3E4-A141A60C48DC}.Release|iPhone.Build.0 = Release|Any CPU
		{DD295473-BD7A-441A-A3E4-A141A60C48DC}.Release|iPhoneSimulator.ActiveCfg = Release|Any CPU
		{DD295473-BD7A-441A-A3E4-A141A60C48DC}.Release|iPhoneSimulator.Build.0 = Release|Any CPU
		{FD294681-EBF5-4474-A987-950BCE53FFEC}.Debug|Any CPU.ActiveCfg = Debug|Any CPU
		{FD294681-EBF5-4474-A987-950BCE53FFEC}.Debug|Any CPU.Build.0 = Debug|Any CPU
		{FD294681-EBF5-4474-A987-950BCE53FFEC}.Debug|iPhone.ActiveCfg = Debug|Any CPU
		{FD294681-EBF5-4474-A987-950BCE53FFEC}.Debug|iPhone.Build.0 = Debug|Any CPU
		{FD294681-EBF5-4474-A987-950BCE53FFEC}.Debug|iPhoneSimulator.ActiveCfg = Debug|Any CPU
		{FD294681-EBF5-4474-A987-950BCE53FFEC}.Debug|iPhoneSimulator.Build.0 = Debug|Any CPU
		{FD294681-EBF5-4474-A987-950BCE53FFEC}.Release|Any CPU.ActiveCfg = Release|Any CPU
		{FD294681-EBF5-4474-A987-950BCE53FFEC}.Release|Any CPU.Build.0 = Release|Any CPU
		{FD294681-EBF5-4474-A987-950BCE53FFEC}.Release|iPhone.ActiveCfg = Release|Any CPU
		{FD294681-EBF5-4474-A987-950BCE53FFEC}.Release|iPhone.Build.0 = Release|Any CPU
		{FD294681-EBF5-4474-A987-950BCE53FFEC}.Release|iPhoneSimulator.ActiveCfg = Release|Any CPU
		{FD294681-EBF5-4474-A987-950BCE53FFEC}.Release|iPhoneSimulator.Build.0 = Release|Any CPU
		{ECF6D200-35C4-4F50-9F2E-16334EAE532E}.Debug|Any CPU.ActiveCfg = Debug|Any CPU
		{ECF6D200-35C4-4F50-9F2E-16334EAE532E}.Debug|Any CPU.Build.0 = Debug|Any CPU
		{ECF6D200-35C4-4F50-9F2E-16334EAE532E}.Debug|Any CPU.Deploy.0 = Debug|Any CPU
		{ECF6D200-35C4-4F50-9F2E-16334EAE532E}.Debug|iPhone.ActiveCfg = Debug|Any CPU
		{ECF6D200-35C4-4F50-9F2E-16334EAE532E}.Debug|iPhone.Build.0 = Debug|Any CPU
		{ECF6D200-35C4-4F50-9F2E-16334EAE532E}.Debug|iPhone.Deploy.0 = Debug|Any CPU
		{ECF6D200-35C4-4F50-9F2E-16334EAE532E}.Debug|iPhoneSimulator.ActiveCfg = Debug|Any CPU
		{ECF6D200-35C4-4F50-9F2E-16334EAE532E}.Debug|iPhoneSimulator.Build.0 = Debug|Any CPU
		{ECF6D200-35C4-4F50-9F2E-16334EAE532E}.Debug|iPhoneSimulator.Deploy.0 = Debug|Any CPU
		{ECF6D200-35C4-4F50-9F2E-16334EAE532E}.Release|Any CPU.ActiveCfg = Release|Any CPU
		{ECF6D200-35C4-4F50-9F2E-16334EAE532E}.Release|Any CPU.Build.0 = Release|Any CPU
		{ECF6D200-35C4-4F50-9F2E-16334EAE532E}.Release|Any CPU.Deploy.0 = Release|Any CPU
		{ECF6D200-35C4-4F50-9F2E-16334EAE532E}.Release|iPhone.ActiveCfg = Release|Any CPU
		{ECF6D200-35C4-4F50-9F2E-16334EAE532E}.Release|iPhone.Build.0 = Release|Any CPU
		{ECF6D200-35C4-4F50-9F2E-16334EAE532E}.Release|iPhone.Deploy.0 = Release|Any CPU
		{ECF6D200-35C4-4F50-9F2E-16334EAE532E}.Release|iPhoneSimulator.ActiveCfg = Release|Any CPU
		{ECF6D200-35C4-4F50-9F2E-16334EAE532E}.Release|iPhoneSimulator.Build.0 = Release|Any CPU
		{ECF6D200-35C4-4F50-9F2E-16334EAE532E}.Release|iPhoneSimulator.Deploy.0 = Release|Any CPU
		{914B0286-7258-447F-9927-038CC507E8A7}.Debug|Any CPU.ActiveCfg = Debug|iPhoneSimulator
		{914B0286-7258-447F-9927-038CC507E8A7}.Debug|Any CPU.Build.0 = Debug|iPhoneSimulator
		{914B0286-7258-447F-9927-038CC507E8A7}.Debug|iPhone.ActiveCfg = Debug|iPhone
		{914B0286-7258-447F-9927-038CC507E8A7}.Debug|iPhone.Build.0 = Debug|iPhone
		{914B0286-7258-447F-9927-038CC507E8A7}.Debug|iPhoneSimulator.ActiveCfg = Debug|iPhoneSimulator
		{914B0286-7258-447F-9927-038CC507E8A7}.Debug|iPhoneSimulator.Build.0 = Debug|iPhoneSimulator
		{914B0286-7258-447F-9927-038CC507E8A7}.Release|Any CPU.ActiveCfg = Release|iPhoneSimulator
		{914B0286-7258-447F-9927-038CC507E8A7}.Release|Any CPU.Build.0 = Release|iPhoneSimulator
		{914B0286-7258-447F-9927-038CC507E8A7}.Release|iPhone.ActiveCfg = Release|iPhone
		{914B0286-7258-447F-9927-038CC507E8A7}.Release|iPhone.Build.0 = Release|iPhone
		{914B0286-7258-447F-9927-038CC507E8A7}.Release|iPhoneSimulator.ActiveCfg = Release|iPhoneSimulator
		{914B0286-7258-447F-9927-038CC507E8A7}.Release|iPhoneSimulator.Build.0 = Release|iPhoneSimulator
		{B7C442EF-72FB-4377-ADE1-2E6672099F8F}.Debug|Any CPU.ActiveCfg = Debug|Any CPU
		{B7C442EF-72FB-4377-ADE1-2E6672099F8F}.Debug|Any CPU.Build.0 = Debug|Any CPU
		{B7C442EF-72FB-4377-ADE1-2E6672099F8F}.Debug|iPhone.ActiveCfg = Debug|Any CPU
		{B7C442EF-72FB-4377-ADE1-2E6672099F8F}.Debug|iPhone.Build.0 = Debug|Any CPU
		{B7C442EF-72FB-4377-ADE1-2E6672099F8F}.Debug|iPhoneSimulator.ActiveCfg = Debug|Any CPU
		{B7C442EF-72FB-4377-ADE1-2E6672099F8F}.Debug|iPhoneSimulator.Build.0 = Debug|Any CPU
		{B7C442EF-72FB-4377-ADE1-2E6672099F8F}.Release|Any CPU.ActiveCfg = Release|Any CPU
		{B7C442EF-72FB-4377-ADE1-2E6672099F8F}.Release|Any CPU.Build.0 = Release|Any CPU
		{B7C442EF-72FB-4377-ADE1-2E6672099F8F}.Release|iPhone.ActiveCfg = Release|Any CPU
		{B7C442EF-72FB-4377-ADE1-2E6672099F8F}.Release|iPhone.Build.0 = Release|Any CPU
		{B7C442EF-72FB-4377-ADE1-2E6672099F8F}.Release|iPhoneSimulator.ActiveCfg = Release|Any CPU
		{B7C442EF-72FB-4377-ADE1-2E6672099F8F}.Release|iPhoneSimulator.Build.0 = Release|Any CPU
		{2398B1CA-D30C-421D-8359-DEBAF95DA723}.Debug|Any CPU.ActiveCfg = Debug|Any CPU
		{2398B1CA-D30C-421D-8359-DEBAF95DA723}.Debug|Any CPU.Build.0 = Debug|Any CPU
		{2398B1CA-D30C-421D-8359-DEBAF95DA723}.Debug|Any CPU.Deploy.0 = Debug|Any CPU
		{2398B1CA-D30C-421D-8359-DEBAF95DA723}.Debug|iPhone.ActiveCfg = Debug|Any CPU
		{2398B1CA-D30C-421D-8359-DEBAF95DA723}.Debug|iPhone.Build.0 = Debug|Any CPU
		{2398B1CA-D30C-421D-8359-DEBAF95DA723}.Debug|iPhone.Deploy.0 = Debug|Any CPU
		{2398B1CA-D30C-421D-8359-DEBAF95DA723}.Debug|iPhoneSimulator.ActiveCfg = Debug|Any CPU
		{2398B1CA-D30C-421D-8359-DEBAF95DA723}.Debug|iPhoneSimulator.Build.0 = Debug|Any CPU
		{2398B1CA-D30C-421D-8359-DEBAF95DA723}.Debug|iPhoneSimulator.Deploy.0 = Debug|Any CPU
		{2398B1CA-D30C-421D-8359-DEBAF95DA723}.Release|Any CPU.ActiveCfg = Release|Any CPU
		{2398B1CA-D30C-421D-8359-DEBAF95DA723}.Release|Any CPU.Build.0 = Release|Any CPU
		{2398B1CA-D30C-421D-8359-DEBAF95DA723}.Release|Any CPU.Deploy.0 = Release|Any CPU
		{2398B1CA-D30C-421D-8359-DEBAF95DA723}.Release|iPhone.ActiveCfg = Release|Any CPU
		{2398B1CA-D30C-421D-8359-DEBAF95DA723}.Release|iPhone.Build.0 = Release|Any CPU
		{2398B1CA-D30C-421D-8359-DEBAF95DA723}.Release|iPhone.Deploy.0 = Release|Any CPU
		{2398B1CA-D30C-421D-8359-DEBAF95DA723}.Release|iPhoneSimulator.ActiveCfg = Release|Any CPU
		{2398B1CA-D30C-421D-8359-DEBAF95DA723}.Release|iPhoneSimulator.Build.0 = Release|Any CPU
		{2398B1CA-D30C-421D-8359-DEBAF95DA723}.Release|iPhoneSimulator.Deploy.0 = Release|Any CPU
		{D7775C66-22BF-456B-A381-F4569BEA6D30}.Debug|Any CPU.ActiveCfg = Debug|iPhoneSimulator
		{D7775C66-22BF-456B-A381-F4569BEA6D30}.Debug|Any CPU.Build.0 = Debug|iPhoneSimulator
		{D7775C66-22BF-456B-A381-F4569BEA6D30}.Debug|iPhone.ActiveCfg = Debug|iPhone
		{D7775C66-22BF-456B-A381-F4569BEA6D30}.Debug|iPhone.Build.0 = Debug|iPhone
		{D7775C66-22BF-456B-A381-F4569BEA6D30}.Debug|iPhoneSimulator.ActiveCfg = Debug|iPhoneSimulator
		{D7775C66-22BF-456B-A381-F4569BEA6D30}.Debug|iPhoneSimulator.Build.0 = Debug|iPhoneSimulator
		{D7775C66-22BF-456B-A381-F4569BEA6D30}.Release|Any CPU.ActiveCfg = Release|iPhoneSimulator
		{D7775C66-22BF-456B-A381-F4569BEA6D30}.Release|Any CPU.Build.0 = Release|iPhoneSimulator
		{D7775C66-22BF-456B-A381-F4569BEA6D30}.Release|iPhone.ActiveCfg = Release|iPhone
		{D7775C66-22BF-456B-A381-F4569BEA6D30}.Release|iPhone.Build.0 = Release|iPhone
		{D7775C66-22BF-456B-A381-F4569BEA6D30}.Release|iPhoneSimulator.ActiveCfg = Release|iPhoneSimulator
		{D7775C66-22BF-456B-A381-F4569BEA6D30}.Release|iPhoneSimulator.Build.0 = Release|iPhoneSimulator
		{DDE662F1-7E83-4D8A-952D-12DD231C009B}.Debug|Any CPU.ActiveCfg = Debug|Any CPU
		{DDE662F1-7E83-4D8A-952D-12DD231C009B}.Debug|Any CPU.Build.0 = Debug|Any CPU
		{DDE662F1-7E83-4D8A-952D-12DD231C009B}.Debug|iPhone.ActiveCfg = Debug|Any CPU
		{DDE662F1-7E83-4D8A-952D-12DD231C009B}.Debug|iPhone.Build.0 = Debug|Any CPU
		{DDE662F1-7E83-4D8A-952D-12DD231C009B}.Debug|iPhoneSimulator.ActiveCfg = Debug|Any CPU
		{DDE662F1-7E83-4D8A-952D-12DD231C009B}.Debug|iPhoneSimulator.Build.0 = Debug|Any CPU
		{DDE662F1-7E83-4D8A-952D-12DD231C009B}.Release|Any CPU.ActiveCfg = Release|Any CPU
		{DDE662F1-7E83-4D8A-952D-12DD231C009B}.Release|Any CPU.Build.0 = Release|Any CPU
		{DDE662F1-7E83-4D8A-952D-12DD231C009B}.Release|iPhone.ActiveCfg = Release|Any CPU
		{DDE662F1-7E83-4D8A-952D-12DD231C009B}.Release|iPhone.Build.0 = Release|Any CPU
		{DDE662F1-7E83-4D8A-952D-12DD231C009B}.Release|iPhoneSimulator.ActiveCfg = Release|Any CPU
		{DDE662F1-7E83-4D8A-952D-12DD231C009B}.Release|iPhoneSimulator.Build.0 = Release|Any CPU
		{2E09E317-B4CD-4B47-99A3-33B2D42F9167}.Debug|Any CPU.ActiveCfg = Debug|Any CPU
		{2E09E317-B4CD-4B47-99A3-33B2D42F9167}.Debug|Any CPU.Build.0 = Debug|Any CPU
		{2E09E317-B4CD-4B47-99A3-33B2D42F9167}.Debug|Any CPU.Deploy.0 = Debug|Any CPU
		{2E09E317-B4CD-4B47-99A3-33B2D42F9167}.Debug|iPhone.ActiveCfg = Debug|Any CPU
		{2E09E317-B4CD-4B47-99A3-33B2D42F9167}.Debug|iPhone.Build.0 = Debug|Any CPU
		{2E09E317-B4CD-4B47-99A3-33B2D42F9167}.Debug|iPhone.Deploy.0 = Debug|Any CPU
		{2E09E317-B4CD-4B47-99A3-33B2D42F9167}.Debug|iPhoneSimulator.ActiveCfg = Debug|Any CPU
		{2E09E317-B4CD-4B47-99A3-33B2D42F9167}.Debug|iPhoneSimulator.Build.0 = Debug|Any CPU
		{2E09E317-B4CD-4B47-99A3-33B2D42F9167}.Debug|iPhoneSimulator.Deploy.0 = Debug|Any CPU
		{2E09E317-B4CD-4B47-99A3-33B2D42F9167}.Release|Any CPU.ActiveCfg = Release|Any CPU
		{2E09E317-B4CD-4B47-99A3-33B2D42F9167}.Release|Any CPU.Build.0 = Release|Any CPU
		{2E09E317-B4CD-4B47-99A3-33B2D42F9167}.Release|Any CPU.Deploy.0 = Release|Any CPU
		{2E09E317-B4CD-4B47-99A3-33B2D42F9167}.Release|iPhone.ActiveCfg = Release|Any CPU
		{2E09E317-B4CD-4B47-99A3-33B2D42F9167}.Release|iPhone.Build.0 = Release|Any CPU
		{2E09E317-B4CD-4B47-99A3-33B2D42F9167}.Release|iPhone.Deploy.0 = Release|Any CPU
		{2E09E317-B4CD-4B47-99A3-33B2D42F9167}.Release|iPhoneSimulator.ActiveCfg = Release|Any CPU
		{2E09E317-B4CD-4B47-99A3-33B2D42F9167}.Release|iPhoneSimulator.Build.0 = Release|Any CPU
		{2E09E317-B4CD-4B47-99A3-33B2D42F9167}.Release|iPhoneSimulator.Deploy.0 = Release|Any CPU
		{503D7E68-52B2-4B7E-A745-BAB312C123B0}.Debug|Any CPU.ActiveCfg = Debug|iPhoneSimulator
		{503D7E68-52B2-4B7E-A745-BAB312C123B0}.Debug|Any CPU.Build.0 = Debug|iPhoneSimulator
		{503D7E68-52B2-4B7E-A745-BAB312C123B0}.Debug|iPhone.ActiveCfg = Debug|iPhone
		{503D7E68-52B2-4B7E-A745-BAB312C123B0}.Debug|iPhone.Build.0 = Debug|iPhone
		{503D7E68-52B2-4B7E-A745-BAB312C123B0}.Debug|iPhoneSimulator.ActiveCfg = Debug|iPhoneSimulator
		{503D7E68-52B2-4B7E-A745-BAB312C123B0}.Debug|iPhoneSimulator.Build.0 = Debug|iPhoneSimulator
		{503D7E68-52B2-4B7E-A745-BAB312C123B0}.Release|Any CPU.ActiveCfg = Release|iPhoneSimulator
		{503D7E68-52B2-4B7E-A745-BAB312C123B0}.Release|Any CPU.Build.0 = Release|iPhoneSimulator
		{503D7E68-52B2-4B7E-A745-BAB312C123B0}.Release|iPhone.ActiveCfg = Release|iPhone
		{503D7E68-52B2-4B7E-A745-BAB312C123B0}.Release|iPhone.Build.0 = Release|iPhone
		{503D7E68-52B2-4B7E-A745-BAB312C123B0}.Release|iPhoneSimulator.ActiveCfg = Release|iPhoneSimulator
		{503D7E68-52B2-4B7E-A745-BAB312C123B0}.Release|iPhoneSimulator.Build.0 = Release|iPhoneSimulator
		{85F40B7D-5F5F-49E1-8E2A-42B498705A64}.Debug|Any CPU.ActiveCfg = Debug|Any CPU
		{85F40B7D-5F5F-49E1-8E2A-42B498705A64}.Debug|Any CPU.Build.0 = Debug|Any CPU
		{85F40B7D-5F5F-49E1-8E2A-42B498705A64}.Debug|iPhone.ActiveCfg = Debug|Any CPU
		{85F40B7D-5F5F-49E1-8E2A-42B498705A64}.Debug|iPhone.Build.0 = Debug|Any CPU
		{85F40B7D-5F5F-49E1-8E2A-42B498705A64}.Debug|iPhoneSimulator.ActiveCfg = Debug|Any CPU
		{85F40B7D-5F5F-49E1-8E2A-42B498705A64}.Debug|iPhoneSimulator.Build.0 = Debug|Any CPU
		{85F40B7D-5F5F-49E1-8E2A-42B498705A64}.Release|Any CPU.ActiveCfg = Release|Any CPU
		{85F40B7D-5F5F-49E1-8E2A-42B498705A64}.Release|Any CPU.Build.0 = Release|Any CPU
		{85F40B7D-5F5F-49E1-8E2A-42B498705A64}.Release|iPhone.ActiveCfg = Release|Any CPU
		{85F40B7D-5F5F-49E1-8E2A-42B498705A64}.Release|iPhone.Build.0 = Release|Any CPU
		{85F40B7D-5F5F-49E1-8E2A-42B498705A64}.Release|iPhoneSimulator.ActiveCfg = Release|Any CPU
		{85F40B7D-5F5F-49E1-8E2A-42B498705A64}.Release|iPhoneSimulator.Build.0 = Release|Any CPU
	EndGlobalSection
	GlobalSection(SolutionProperties) = preSolution
		HideSolutionNode = FALSE
	EndGlobalSection
	GlobalSection(NestedProjects) = preSolution
		{DDA33B4B-8290-4383-9F00-48198B6A4E8B} = {7E72ADD9-8036-42E1-B3C2-EBBDD0A1E808}
		{9B43B767-408D-4596-906E-129A15168380} = {7E72ADD9-8036-42E1-B3C2-EBBDD0A1E808}
		{E8BE0812-16C5-4170-AF04-041E70C4DA0F} = {7E72ADD9-8036-42E1-B3C2-EBBDD0A1E808}
		{64ABE1E2-77CC-44F9-A6B6-D23A4F93FF6F} = {8050CA4C-DB4A-4DD4-8001-E641C4BA7A2B}
		{F2C7E1E7-A96E-4AA1-8E47-CAE381D4778A} = {8050CA4C-DB4A-4DD4-8001-E641C4BA7A2B}
		{0CFF7A76-A71D-4815-BBB9-8102FD205380} = {8050CA4C-DB4A-4DD4-8001-E641C4BA7A2B}
		{48F1FB32-3ED0-4BD9-8DA6-86738E3CAC89} = {8050CA4C-DB4A-4DD4-8001-E641C4BA7A2B}
		{289BD504-F134-4712-9E28-3F114970B590} = {0A239F47-E3AA-4F2E-A39B-8ACA22DBC27E}
		{D72C647E-F08D-46EF-94F5-C9BF1B0E840B} = {0A239F47-E3AA-4F2E-A39B-8ACA22DBC27E}
		{7874A584-F758-4ACA-BB08-B707E0128C22} = {0A239F47-E3AA-4F2E-A39B-8ACA22DBC27E}
		{3828E2BB-9380-445A-B8AC-CBCC4E788FE2} = {7414172F-90CD-46D0-8610-44082D4CC4A7}
		{BFB98A61-D833-4F2D-A6E2-E6FF3704AFAC} = {7414172F-90CD-46D0-8610-44082D4CC4A7}
		{9F9A22E6-8F61-4768-BFCE-2CDF20C34946} = {0A239F47-E3AA-4F2E-A39B-8ACA22DBC27E}
		{835B3837-1032-4240-BA6E-4C207CE358A0} = {7414172F-90CD-46D0-8610-44082D4CC4A7}
		{FC1D0E44-7B35-4069-BABE-CEE95C6DCBB1} = {0A239F47-E3AA-4F2E-A39B-8ACA22DBC27E}
		{9AF3F391-FA2C-4BC4-B9B1-60385C88CA04} = {7414172F-90CD-46D0-8610-44082D4CC4A7}
		{366AC32F-0FB3-4E55-8F86-3F74D2E67E85} = {7414172F-90CD-46D0-8610-44082D4CC4A7}
		{EB4F3A68-18FF-4790-8D9E-7FA58F03FC9E} = {7414172F-90CD-46D0-8610-44082D4CC4A7}
		{74A42BD1-57D9-43C7-9BB9-600A4620B218} = {0A239F47-E3AA-4F2E-A39B-8ACA22DBC27E}
		{24CF9EDF-8C30-4900-8B50-5B6D49052ABE} = {1DF16BE6-FBAA-4019-B932-AECBBFFD28EC}
		{DD295473-BD7A-441A-A3E4-A141A60C48DC} = {874CBE39-686B-4FD1-9CC1-F98FFC791A51}
		{FD294681-EBF5-4474-A987-950BCE53FFEC} = {1DF16BE6-FBAA-4019-B932-AECBBFFD28EC}
		{ECF6D200-35C4-4F50-9F2E-16334EAE532E} = {C9D2955C-9F14-4598-B50B-B41D5C9AD21E}
		{914B0286-7258-447F-9927-038CC507E8A7} = {C9D2955C-9F14-4598-B50B-B41D5C9AD21E}
		{B7C442EF-72FB-4377-ADE1-2E6672099F8F} = {C9D2955C-9F14-4598-B50B-B41D5C9AD21E}
		{2398B1CA-D30C-421D-8359-DEBAF95DA723} = {CF8D4DD2-99F0-41A7-B7EE-BDBCF5746F51}
		{D7775C66-22BF-456B-A381-F4569BEA6D30} = {CF8D4DD2-99F0-41A7-B7EE-BDBCF5746F51}
		{DDE662F1-7E83-4D8A-952D-12DD231C009B} = {CF8D4DD2-99F0-41A7-B7EE-BDBCF5746F51}
		{2E09E317-B4CD-4B47-99A3-33B2D42F9167} = {F95E54F3-79A6-4CC8-BC7C-71B5CB2CE522}
		{503D7E68-52B2-4B7E-A745-BAB312C123B0} = {F95E54F3-79A6-4CC8-BC7C-71B5CB2CE522}
		{85F40B7D-5F5F-49E1-8E2A-42B498705A64} = {F95E54F3-79A6-4CC8-BC7C-71B5CB2CE522}
	EndGlobalSection
	GlobalSection(ExtensibilityGlobals) = postSolution
		SolutionGuid = {17BC5B87-F4FC-4C84-BD11-0E8C79B13B2C}
	EndGlobalSection
EndGlobal
